
Microsoft Visual Studio Solution File, Format Version 12.00
# Visual Studio 14
VisualStudioVersion = 14.0.25420.1
MinimumVisualStudioVersion = 10.0.40219.1
Project("{FAE04EC0-301F-11D3-BF4B-00C04F79EFBC}") = "Assignment 4", "Assignment 4\Assignment 4.csproj", "{F469C0E6-2AD3-4F73-99EF-BD1C5678D931}"
EndProject
Project("{FAE04EC0-301F-11D3-BF4B-00C04F79EFBC}") = "Low Level Objects Library", "Low Level Objects Library\Low Level Objects Library.csproj", "{7262FD9E-4825-4038-A97F-6BAC4A86C46D}"
EndProject
Project("{FAE04EC0-301F-11D3-BF4B-00C04F79EFBC}") = "Games Logic Library", "Games Logic Library\Games Logic Library.csproj", "{5065E775-9921-4D22-AB91-41C5E95581D0}"
EndProject
Global
	GlobalSection(SolutionConfigurationPlatforms) = preSolution
		Debug|Any CPU = Debug|Any CPU
		Release|Any CPU = Release|Any CPU
	EndGlobalSection
	GlobalSection(ProjectConfigurationPlatforms) = postSolution
		{F469C0E6-2AD3-4F73-99EF-BD1C5678D931}.Debug|Any CPU.ActiveCfg = Debug|Any CPU
		{F469C0E6-2AD3-4F73-99EF-BD1C5678D931}.Debug|Any CPU.Build.0 = Debug|Any CPU
		{F469C0E6-2AD3-4F73-99EF-BD1C5678D931}.Release|Any CPU.ActiveCfg = Release|Any CPU
		{F469C0E6-2AD3-4F73-99EF-BD1C5678D931}.Release|Any CPU.Build.0 = Release|Any CPU
		{7262FD9E-4825-4038-A97F-6BAC4A86C46D}.Debug|Any CPU.ActiveCfg = Debug|Any CPU
		{7262FD9E-4825-4038-A97F-6BAC4A86C46D}.Debug|Any CPU.Build.0 = Debug|Any CPU
		{7262FD9E-4825-4038-A97F-6BAC4A86C46D}.Release|Any CPU.ActiveCfg = Release|Any CPU
		{7262FD9E-4825-4038-A97F-6BAC4A86C46D}.Release|Any CPU.Build.0 = Release|Any CPU
		{5065E775-9921-4D22-AB91-41C5E95581D0}.Debug|Any CPU.ActiveCfg = Debug|Any CPU
		{5065E775-9921-4D22-AB91-41C5E95581D0}.Debug|Any CPU.Build.0 = Debug|Any CPU
		{5065E775-9921-4D22-AB91-41C5E95581D0}.Release|Any CPU.ActiveCfg = Release|Any CPU
		{5065E775-9921-4D22-AB91-41C5E95581D0}.Release|Any CPU.Build.0 = Release|Any CPU
	EndGlobalSection
	GlobalSection(SolutionProperties) = preSolution
		HideSolutionNode = FALSE
	EndGlobalSection
EndGlobal
